Microsoft Visual Studio Solution File, Format Version 12.00
# Visual Studio 2012
Project("{FAE04EC0-301F-11D3-BF4B-00C04F79EFBC}") = "HonoursPrototype2D", "HonoursPrototype2D.csproj", "{03EFC35A-8ED1-43B0-A487-CFC2499C08FA}"
EndProject
Global
	GlobalSection(SolutionConfigurationPlatforms) = preSolution
	Debug|Any CPU = Debug|Any CPU
	ExportDebug|Any CPU = ExportDebug|Any CPU
	ExportRelease|Any CPU = ExportRelease|Any CPU
	EndGlobalSection
	GlobalSection(ProjectConfigurationPlatforms) = postSolution
		{03EFC35A-8ED1-43B0-A487-CFC2499C08FA}.Debug|Any CPU.ActiveCfg = Debug|Any CPU
		{03EFC35A-8ED1-43B0-A487-CFC2499C08FA}.Debug|Any CPU.Build.0 = Debug|Any CPU
		{03EFC35A-8ED1-43B0-A487-CFC2499C08FA}.ExportDebug|Any CPU.ActiveCfg = ExportDebug|Any CPU
		{03EFC35A-8ED1-43B0-A487-CFC2499C08FA}.ExportDebug|Any CPU.Build.0 = ExportDebug|Any CPU
		{03EFC35A-8ED1-43B0-A487-CFC2499C08FA}.ExportRelease|Any CPU.ActiveCfg = ExportRelease|Any CPU
		{03EFC35A-8ED1-43B0-A487-CFC2499C08FA}.ExportRelease|Any CPU.Build.0 = ExportRelease|Any CPU
	EndGlobalSection
EndGlobal
